
Microsoft Visual Studio Solution File, Format Version 12.00
# Visual Studio Version 17
VisualStudioVersion = 17.0.31903.59
MinimumVisualStudioVersion = 10.0.40219.1
Project("{FAE04EC0-301F-11D3-BF4B-00C04F79EFBC}") = "WasteFree.App", "WasteFree.App\WasteFree.App.csproj", "{54B0C054-39CB-4AA7-AE4A-0B1B0C1A36FF}"
EndProject
Project("{FAE04EC0-301F-11D3-BF4B-00C04F79EFBC}") = "WasteFree.Business", "WasteFree.Business\WasteFree.Business.csproj", "{5013980D-AF74-479F-AF9A-34376ABBB357}"
EndProject
Project("{FAE04EC0-301F-11D3-BF4B-00C04F79EFBC}") = "WasteFree.Core", "WasteFree.Core\WasteFree.Core.csproj", "{3602BE2B-6120-4D2A-9923-FCB2D30E0FC5}"
EndProject
Project("{FAE04EC0-301F-11D3-BF4B-00C04F79EFBC}") = "WasteFree.Infrastructure", "WasteFree.Infrastructure\WasteFree.Infrastructure.csproj", "{ED40128B-B9B3-4CF8-B552-DBCF8299AD4D}"
EndProject
Global
	GlobalSection(SolutionConfigurationPlatforms) = preSolution
		Debug|Any CPU = Debug|Any CPU
		Release|Any CPU = Release|Any CPU
	EndGlobalSection
	GlobalSection(SolutionProperties) = preSolution
		HideSolutionNode = FALSE
	EndGlobalSection
	GlobalSection(ProjectConfigurationPlatforms) = postSolution
		{54B0C054-39CB-4AA7-AE4A-0B1B0C1A36FF}.Debug|Any CPU.ActiveCfg = Debug|Any CPU
		{54B0C054-39CB-4AA7-AE4A-0B1B0C1A36FF}.Debug|Any CPU.Build.0 = Debug|Any CPU
		{54B0C054-39CB-4AA7-AE4A-0B1B0C1A36FF}.Release|Any CPU.ActiveCfg = Release|Any CPU
		{54B0C054-39CB-4AA7-AE4A-0B1B0C1A36FF}.Release|Any CPU.Build.0 = Release|Any CPU
		{5013980D-AF74-479F-AF9A-34376ABBB357}.Debug|Any CPU.ActiveCfg = Debug|Any CPU
		{5013980D-AF74-479F-AF9A-34376ABBB357}.Debug|Any CPU.Build.0 = Debug|Any CPU
		{5013980D-AF74-479F-AF9A-34376ABBB357}.Release|Any CPU.ActiveCfg = Release|Any CPU
		{5013980D-AF74-479F-AF9A-34376ABBB357}.Release|Any CPU.Build.0 = Release|Any CPU
		{3602BE2B-6120-4D2A-9923-FCB2D30E0FC5}.Debug|Any CPU.ActiveCfg = Debug|Any CPU
		{3602BE2B-6120-4D2A-9923-FCB2D30E0FC5}.Debug|Any CPU.Build.0 = Debug|Any CPU
		{3602BE2B-6120-4D2A-9923-FCB2D30E0FC5}.Release|Any CPU.ActiveCfg = Release|Any CPU
		{3602BE2B-6120-4D2A-9923-FCB2D30E0FC5}.Release|Any CPU.Build.0 = Release|Any CPU
		{ED40128B-B9B3-4CF8-B552-DBCF8299AD4D}.Debug|Any CPU.ActiveCfg = Debug|Any CPU
		{ED40128B-B9B3-4CF8-B552-DBCF8299AD4D}.Debug|Any CPU.Build.0 = Debug|Any CPU
		{ED40128B-B9B3-4CF8-B552-DBCF8299AD4D}.Release|Any CPU.ActiveCfg = Release|Any CPU
		{ED40128B-B9B3-4CF8-B552-DBCF8299AD4D}.Release|Any CPU.Build.0 = Release|Any CPU
	EndGlobalSection
EndGlobal
